
Microsoft Visual Studio Solution File, Format Version 12.00
# Visual Studio 15
VisualStudioVersion = 15.0.26228.4
MinimumVisualStudioVersion = 10.0.40219.1
Project("{FAE04EC0-301F-11D3-BF4B-00C04F79EFBC}") = "babynophone.App.Android", "babynophone.App\babynophone.App.Android\babynophone.App.Android.csproj", "{F69698C9-2E27-4ABF-844B-B32CCC3F204D}"
EndProject
Project("{FAE04EC0-301F-11D3-BF4B-00C04F79EFBC}") = "babynophone.App", "babynophone.App\babynophone.App\babynophone.App.csproj", "{FAA67DB5-9EB1-46DD-A0B0-34DBE490E972}"
EndProject
Project("{FAE04EC0-301F-11D3-BF4B-00C04F79EFBC}") = "babynophone.App.UWP", "babynophone.App\babynophone.App.UWP\babynophone.App.UWP.csproj", "{7BB3711B-11DC-406B-8AEB-9C4CEA5264DD}"
EndProject
Project("{FAE04EC0-301F-11D3-BF4B-00C04F79EFBC}") = "babynophone.App.iOS", "babynophone.App\babynophone.App.iOS\babynophone.App.iOS.csproj", "{C19E9C23-E0E4-41F3-9529-C6773F4B4780}"
EndProject
Global
	GlobalSection(SolutionConfigurationPlatforms) = preSolution
		Ad-Hoc|Any CPU = Ad-Hoc|Any CPU
		Ad-Hoc|ARM = Ad-Hoc|ARM
		Ad-Hoc|iPhone = Ad-Hoc|iPhone
		Ad-Hoc|iPhoneSimulator = Ad-Hoc|iPhoneSimulator
		Ad-Hoc|x64 = Ad-Hoc|x64
		Ad-Hoc|x86 = Ad-Hoc|x86
		AppStore|Any CPU = AppStore|Any CPU
		AppStore|ARM = AppStore|ARM
		AppStore|iPhone = AppStore|iPhone
		AppStore|iPhoneSimulator = AppStore|iPhoneSimulator
		AppStore|x64 = AppStore|x64
		AppStore|x86 = AppStore|x86
		Debug|Any CPU = Debug|Any CPU
		Debug|ARM = Debug|ARM
		Debug|iPhone = Debug|iPhone
		Debug|iPhoneSimulator = Debug|iPhoneSimulator
		Debug|x64 = Debug|x64
		Debug|x86 = Debug|x86
		Release|Any CPU = Release|Any CPU
		Release|ARM = Release|ARM
		Release|iPhone = Release|iPhone
		Release|iPhoneSimulator = Release|iPhoneSimulator
		Release|x64 = Release|x64
		Release|x86 = Release|x86
	EndGlobalSection
	GlobalSection(ProjectConfigurationPlatforms) = postSolution
		{F69698C9-2E27-4ABF-844B-B32CCC3F204D}.Ad-Hoc|Any CPU.ActiveCfg = Release|Any CPU
		{F69698C9-2E27-4ABF-844B-B32CCC3F204D}.Ad-Hoc|Any CPU.Build.0 = Release|Any CPU
		{F69698C9-2E27-4ABF-844B-B32CCC3F204D}.Ad-Hoc|Any CPU.Deploy.0 = Release|Any CPU
		{F69698C9-2E27-4ABF-844B-B32CCC3F204D}.Ad-Hoc|ARM.ActiveCfg = Release|Any CPU
		{F69698C9-2E27-4ABF-844B-B32CCC3F204D}.Ad-Hoc|ARM.Build.0 = Release|Any CPU
		{F69698C9-2E27-4ABF-844B-B32CCC3F204D}.Ad-Hoc|ARM.Deploy.0 = Release|Any CPU
		{F69698C9-2E27-4ABF-844B-B32CCC3F204D}.Ad-Hoc|iPhone.ActiveCfg = Release|Any CPU
		{F69698C9-2E27-4ABF-844B-B32CCC3F204D}.Ad-Hoc|iPhone.Build.0 = Release|Any CPU
		{F69698C9-2E27-4ABF-844B-B32CCC3F204D}.Ad-Hoc|iPhone.Deploy.0 = Release|Any CPU
		{F69698C9-2E27-4ABF-844B-B32CCC3F204D}.Ad-Hoc|iPhoneSimulator.ActiveCfg = Release|Any CPU
		{F69698C9-2E27-4ABF-844B-B32CCC3F204D}.Ad-Hoc|iPhoneSimulator.Build.0 = Release|Any CPU
		{F69698C9-2E27-4ABF-844B-B32CCC3F204D}.Ad-Hoc|iPhoneSimulator.Deploy.0 = Release|Any CPU
		{F69698C9-2E27-4ABF-844B-B32CCC3F204D}.Ad-Hoc|x64.ActiveCfg = Release|Any CPU
		{F69698C9-2E27-4ABF-844B-B32CCC3F204D}.Ad-Hoc|x64.Build.0 = Release|Any CPU
		{F69698C9-2E27-4ABF-844B-B32CCC3F204D}.Ad-Hoc|x64.Deploy.0 = Release|Any CPU
		{F69698C9-2E27-4ABF-844B-B32CCC3F204D}.Ad-Hoc|x86.ActiveCfg = Release|Any CPU
		{F69698C9-2E27-4ABF-844B-B32CCC3F204D}.Ad-Hoc|x86.Build.0 = Release|Any CPU
		{F69698C9-2E27-4ABF-844B-B32CCC3F204D}.Ad-Hoc|x86.Deploy.0 = Release|Any CPU
		{F69698C9-2E27-4ABF-844B-B32CCC3F204D}.AppStore|Any CPU.ActiveCfg = Release|Any CPU
		{F69698C9-2E27-4ABF-844B-B32CCC3F204D}.AppStore|Any CPU.Build.0 = Release|Any CPU
		{F69698C9-2E27-4ABF-844B-B32CCC3F204D}.AppStore|Any CPU.Deploy.0 = Release|Any CPU
		{F69698C9-2E27-4ABF-844B-B32CCC3F204D}.AppStore|ARM.ActiveCfg = Release|Any CPU
		{F69698C9-2E27-4ABF-844B-B32CCC3F204D}.AppStore|ARM.Build.0 = Release|Any CPU
		{F69698C9-2E27-4ABF-844B-B32CCC3F204D}.AppStore|ARM.Deploy.0 = Release|Any CPU
		{F69698C9-2E27-4ABF-844B-B32CCC3F204D}.AppStore|iPhone.ActiveCfg = Release|Any CPU
		{F69698C9-2E27-4ABF-844B-B32CCC3F204D}.AppStore|iPhone.Build.0 = Release|Any CPU
		{F69698C9-2E27-4ABF-844B-B32CCC3F204D}.AppStore|iPhone.Deploy.0 = Release|Any CPU
		{F69698C9-2E27-4ABF-844B-B32CCC3F204D}.AppStore|iPhoneSimulator.ActiveCfg = Release|Any CPU
		{F69698C9-2E27-4ABF-844B-B32CCC3F204D}.AppStore|iPhoneSimulator.Build.0 = Release|Any CPU
		{F69698C9-2E27-4ABF-844B-B32CCC3F204D}.AppStore|iPhoneSimulator.Deploy.0 = Release|Any CPU
		{F69698C9-2E27-4ABF-844B-B32CCC3F204D}.AppStore|x64.ActiveCfg = Release|Any CPU
		{F69698C9-2E27-4ABF-844B-B32CCC3F204D}.AppStore|x64.Build.0 = Release|Any CPU
		{F69698C9-2E27-4ABF-844B-B32CCC3F204D}.AppStore|x64.Deploy.0 = Release|Any CPU
		{F69698C9-2E27-4ABF-844B-B32CCC3F204D}.AppStore|x86.ActiveCfg = Release|Any CPU
		{F69698C9-2E27-4ABF-844B-B32CCC3F204D}.AppStore|x86.Build.0 = Release|Any CPU
		{F69698C9-2E27-4ABF-844B-B32CCC3F204D}.AppStore|x86.Deploy.0 = Release|Any CPU
		{F69698C9-2E27-4ABF-844B-B32CCC3F204D}.Debug|Any CPU.ActiveCfg = Debug|Any CPU
		{F69698C9-2E27-4ABF-844B-B32CCC3F204D}.Debug|Any CPU.Build.0 = Debug|Any CPU
		{F69698C9-2E27-4ABF-844B-B32CCC3F204D}.Debug|Any CPU.Deploy.0 = Debug|Any CPU
		{F69698C9-2E27-4ABF-844B-B32CCC3F204D}.Debug|ARM.ActiveCfg = Debug|Any CPU
		{F69698C9-2E27-4ABF-844B-B32CCC3F204D}.Debug|ARM.Build.0 = Debug|Any CPU
		{F69698C9-2E27-4ABF-844B-B32CCC3F204D}.Debug|ARM.Deploy.0 = Debug|Any CPU
		{F69698C9-2E27-4ABF-844B-B32CCC3F204D}.Debug|iPhone.ActiveCfg = Debug|Any CPU
		{F69698C9-2E27-4ABF-844B-B32CCC3F204D}.Debug|iPhone.Build.0 = Debug|Any CPU
		{F69698C9-2E27-4ABF-844B-B32CCC3F204D}.Debug|iPhone.Deploy.0 = Debug|Any CPU
		{F69698C9-2E27-4ABF-844B-B32CCC3F204D}.Debug|iPhoneSimulator.ActiveCfg = Debug|Any CPU
		{F69698C9-2E27-4ABF-844B-B32CCC3F204D}.Debug|iPhoneSimulator.Build.0 = Debug|Any CPU
		{F69698C9-2E27-4ABF-844B-B32CCC3F204D}.Debug|iPhoneSimulator.Deploy.0 = Debug|Any CPU
		{F69698C9-2E27-4ABF-844B-B32CCC3F204D}.Debug|x64.ActiveCfg = Debug|Any CPU
		{F69698C9-2E27-4ABF-844B-B32CCC3F204D}.Debug|x64.Build.0 = Debug|Any CPU
		{F69698C9-2E27-4ABF-844B-B32CCC3F204D}.Debug|x64.Deploy.0 = Debug|Any CPU
		{F69698C9-2E27-4ABF-844B-B32CCC3F204D}.Debug|x86.ActiveCfg = Debug|Any CPU
		{F69698C9-2E27-4ABF-844B-B32CCC3F204D}.Debug|x86.Build.0 = Debug|Any CPU
		{F69698C9-2E27-4ABF-844B-B32CCC3F204D}.Debug|x86.Deploy.0 = Debug|Any CPU
		{F69698C9-2E27-4ABF-844B-B32CCC3F204D}.Release|Any CPU.ActiveCfg = Release|Any CPU
		{F69698C9-2E27-4ABF-844B-B32CCC3F204D}.Release|Any CPU.Build.0 = Release|Any CPU
		{F69698C9-2E27-4ABF-844B-B32CCC3F204D}.Release|Any CPU.Deploy.0 = Release|Any CPU
		{F69698C9-2E27-4ABF-844B-B32CCC3F204D}.Release|ARM.ActiveCfg = Release|Any CPU
		{F69698C9-2E27-4ABF-844B-B32CCC3F204D}.Release|ARM.Build.0 = Release|Any CPU
		{F69698C9-2E27-4ABF-844B-B32CCC3F204D}.Release|ARM.Deploy.0 = Release|Any CPU
		{F69698C9-2E27-4ABF-844B-B32CCC3F204D}.Release|iPhone.ActiveCfg = Release|Any CPU
		{F69698C9-2E27-4ABF-844B-B32CCC3F204D}.Release|iPhone.Build.0 = Release|Any CPU
		{F69698C9-2E27-4ABF-844B-B32CCC3F204D}.Release|iPhone.Deploy.0 = Release|Any CPU
		{F69698C9-2E27-4ABF-844B-B32CCC3F204D}.Release|iPhoneSimulator.ActiveCfg = Release|Any CPU
		{F69698C9-2E27-4ABF-844B-B32CCC3F204D}.Release|iPhoneSimulator.Build.0 = Release|Any CPU
		{F69698C9-2E27-4ABF-844B-B32CCC3F204D}.Release|iPhoneSimulator.Deploy.0 = Release|Any CPU
		{F69698C9-2E27-4ABF-844B-B32CCC3F204D}.Release|x64.ActiveCfg = Release|Any CPU
		{F69698C9-2E27-4ABF-844B-B32CCC3F204D}.Release|x64.Build.0 = Release|Any CPU
		{F69698C9-2E27-4ABF-844B-B32CCC3F204D}.Release|x64.Deploy.0 = Release|Any CPU
		{F69698C9-2E27-4ABF-844B-B32CCC3F204D}.Release|x86.ActiveCfg = Release|Any CPU
		{F69698C9-2E27-4ABF-844B-B32CCC3F204D}.Release|x86.Build.0 = Release|Any CPU
		{F69698C9-2E27-4ABF-844B-B32CCC3F204D}.Release|x86.Deploy.0 = Release|Any CPU
		{FAA67DB5-9EB1-46DD-A0B0-34DBE490E972}.Ad-Hoc|Any CPU.ActiveCfg = Release|Any CPU
		{FAA67DB5-9EB1-46DD-A0B0-34DBE490E972}.Ad-Hoc|Any CPU.Build.0 = Release|Any CPU
		{FAA67DB5-9EB1-46DD-A0B0-34DBE490E972}.Ad-Hoc|ARM.ActiveCfg = Release|Any CPU
		{FAA67DB5-9EB1-46DD-A0B0-34DBE490E972}.Ad-Hoc|ARM.Build.0 = Release|Any CPU
		{FAA67DB5-9EB1-46DD-A0B0-34DBE490E972}.Ad-Hoc|iPhone.ActiveCfg = Release|Any CPU
		{FAA67DB5-9EB1-46DD-A0B0-34DBE490E972}.Ad-Hoc|iPhone.Build.0 = Release|Any CPU
		{FAA67DB5-9EB1-46DD-A0B0-34DBE490E972}.Ad-Hoc|iPhoneSimulator.ActiveCfg = Release|Any CPU
		{FAA67DB5-9EB1-46DD-A0B0-34DBE490E972}.Ad-Hoc|iPhoneSimulator.Build.0 = Release|Any CPU
		{FAA67DB5-9EB1-46DD-A0B0-34DBE490E972}.Ad-Hoc|x64.ActiveCfg = Release|Any CPU
		{FAA67DB5-9EB1-46DD-A0B0-34DBE490E972}.Ad-Hoc|x64.Build.0 = Release|Any CPU
		{FAA67DB5-9EB1-46DD-A0B0-34DBE490E972}.Ad-Hoc|x86.ActiveCfg = Release|Any CPU
		{FAA67DB5-9EB1-46DD-A0B0-34DBE490E972}.Ad-Hoc|x86.Build.0 = Release|Any CPU
		{FAA67DB5-9EB1-46DD-A0B0-34DBE490E972}.AppStore|Any CPU.ActiveCfg = Release|Any CPU
		{FAA67DB5-9EB1-46DD-A0B0-34DBE490E972}.AppStore|Any CPU.Build.0 = Release|Any CPU
		{FAA67DB5-9EB1-46DD-A0B0-34DBE490E972}.AppStore|ARM.ActiveCfg = Release|Any CPU
		{FAA67DB5-9EB1-46DD-A0B0-34DBE490E972}.AppStore|ARM.Build.0 = Release|Any CPU
		{FAA67DB5-9EB1-46DD-A0B0-34DBE490E972}.AppStore|iPhone.ActiveCfg = Release|Any CPU
		{FAA67DB5-9EB1-46DD-A0B0-34DBE490E972}.AppStore|iPhone.Build.0 = Release|Any CPU
		{FAA67DB5-9EB1-46DD-A0B0-34DBE490E972}.AppStore|iPhoneSimulator.ActiveCfg = Release|Any CPU
		{FAA67DB5-9EB1-46DD-A0B0-34DBE490E972}.AppStore|iPhoneSimulator.Build.0 = Release|Any CPU
		{FAA67DB5-9EB1-46DD-A0B0-34DBE490E972}.AppStore|x64.ActiveCfg = Release|Any CPU
		{FAA67DB5-9EB1-46DD-A0B0-34DBE490E972}.AppStore|x64.Build.0 = Release|Any CPU
		{FAA67DB5-9EB1-46DD-A0B0-34DBE490E972}.AppStore|x86.ActiveCfg = Release|Any CPU
		{FAA67DB5-9EB1-46DD-A0B0-34DBE490E972}.AppStore|x86.Build.0 = Release|Any CPU
		{FAA67DB5-9EB1-46DD-A0B0-34DBE490E972}.Debug|Any CPU.ActiveCfg = Debug|Any CPU
		{FAA67DB5-9EB1-46DD-A0B0-34DBE490E972}.Debug|Any CPU.Build.0 = Debug|Any CPU
		{FAA67DB5-9EB1-46DD-A0B0-34DBE490E972}.Debug|ARM.ActiveCfg = Debug|Any CPU
		{FAA67DB5-9EB1-46DD-A0B0-34DBE490E972}.Debug|ARM.Build.0 = Debug|Any CPU
		{FAA67DB5-9EB1-46DD-A0B0-34DBE490E972}.Debug|iPhone.ActiveCfg = Debug|Any CPU
		{FAA67DB5-9EB1-46DD-A0B0-34DBE490E972}.Debug|iPhone.Build.0 = Debug|Any CPU
		{FAA67DB5-9EB1-46DD-A0B0-34DBE490E972}.Debug|iPhoneSimulator.ActiveCfg = Debug|Any CPU
		{FAA67DB5-9EB1-46DD-A0B0-34DBE490E972}.Debug|iPhoneSimulator.Build.0 = Debug|Any CPU
		{FAA67DB5-9EB1-46DD-A0B0-34DBE490E972}.Debug|x64.ActiveCfg = Debug|Any CPU
		{FAA67DB5-9EB1-46DD-A0B0-34DBE490E972}.Debug|x64.Build.0 = Debug|Any CPU
		{FAA67DB5-9EB1-46DD-A0B0-34DBE490E972}.Debug|x86.ActiveCfg = Debug|Any CPU
		{FAA67DB5-9EB1-46DD-A0B0-34DBE490E972}.Debug|x86.Build.0 = Debug|Any CPU
		{FAA67DB5-9EB1-46DD-A0B0-34DBE490E972}.Release|Any CPU.ActiveCfg = Release|Any CPU
		{FAA67DB5-9EB1-46DD-A0B0-34DBE490E972}.Release|Any CPU.Build.0 = Release|Any CPU
		{FAA67DB5-9EB1-46DD-A0B0-34DBE490E972}.Release|ARM.ActiveCfg = Release|Any CPU
		{FAA67DB5-9EB1-46DD-A0B0-34DBE490E972}.Release|ARM.Build.0 = Release|Any CPU
		{FAA67DB5-9EB1-46DD-A0B0-34DBE490E972}.Release|iPhone.ActiveCfg = Release|Any CPU
		{FAA67DB5-9EB1-46DD-A0B0-34DBE490E972}.Release|iPhone.Build.0 = Release|Any CPU
		{FAA67DB5-9EB1-46DD-A0B0-34DBE490E972}.Release|iPhoneSimulator.ActiveCfg = Release|Any CPU
		{FAA67DB5-9EB1-46DD-A0B0-34DBE490E972}.Release|iPhoneSimulator.Build.0 = Release|Any CPU
		{FAA67DB5-9EB1-46DD-A0B0-34DBE490E972}.Release|x64.ActiveCfg = Release|Any CPU
		{FAA67DB5-9EB1-46DD-A0B0-34DBE490E972}.Release|x64.Build.0 = Release|Any CPU
		{FAA67DB5-9EB1-46DD-A0B0-34DBE490E972}.Release|x86.ActiveCfg = Release|Any CPU
		{FAA67DB5-9EB1-46DD-A0B0-34DBE490E972}.Release|x86.Build.0 = Release|Any CPU
		{7BB3711B-11DC-406B-8AEB-9C4CEA5264DD}.Ad-Hoc|Any CPU.ActiveCfg = Release|x86
		{7BB3711B-11DC-406B-8AEB-9C4CEA5264DD}.Ad-Hoc|Any CPU.Build.0 = Release|x86
		{7BB3711B-11DC-406B-8AEB-9C4CEA5264DD}.Ad-Hoc|Any CPU.Deploy.0 = Release|x86
		{7BB3711B-11DC-406B-8AEB-9C4CEA5264DD}.Ad-Hoc|ARM.ActiveCfg = Release|ARM
		{7BB3711B-11DC-406B-8AEB-9C4CEA5264DD}.Ad-Hoc|ARM.Build.0 = Release|ARM
		{7BB3711B-11DC-406B-8AEB-9C4CEA5264DD}.Ad-Hoc|ARM.Deploy.0 = Release|ARM
		{7BB3711B-11DC-406B-8AEB-9C4CEA5264DD}.Ad-Hoc|iPhone.ActiveCfg = Release|x86
		{7BB3711B-11DC-406B-8AEB-9C4CEA5264DD}.Ad-Hoc|iPhone.Build.0 = Release|x86
		{7BB3711B-11DC-406B-8AEB-9C4CEA5264DD}.Ad-Hoc|iPhone.Deploy.0 = Release|x86
		{7BB3711B-11DC-406B-8AEB-9C4CEA5264DD}.Ad-Hoc|iPhoneSimulator.ActiveCfg = Release|x86
		{7BB3711B-11DC-406B-8AEB-9C4CEA5264DD}.Ad-Hoc|iPhoneSimulator.Build.0 = Release|x86
		{7BB3711B-11DC-406B-8AEB-9C4CEA5264DD}.Ad-Hoc|iPhoneSimulator.Deploy.0 = Release|x86
		{7BB3711B-11DC-406B-8AEB-9C4CEA5264DD}.Ad-Hoc|x64.ActiveCfg = Release|x64
		{7BB3711B-11DC-406B-8AEB-9C4CEA5264DD}.Ad-Hoc|x64.Build.0 = Release|x64
		{7BB3711B-11DC-406B-8AEB-9C4CEA5264DD}.Ad-Hoc|x64.Deploy.0 = Release|x64
		{7BB3711B-11DC-406B-8AEB-9C4CEA5264DD}.Ad-Hoc|x86.ActiveCfg = Release|x86
		{7BB3711B-11DC-406B-8AEB-9C4CEA5264DD}.Ad-Hoc|x86.Build.0 = Release|x86
		{7BB3711B-11DC-406B-8AEB-9C4CEA5264DD}.Ad-Hoc|x86.Deploy.0 = Release|x86
		{7BB3711B-11DC-406B-8AEB-9C4CEA5264DD}.AppStore|Any CPU.ActiveCfg = Release|x86
		{7BB3711B-11DC-406B-8AEB-9C4CEA5264DD}.AppStore|Any CPU.Build.0 = Release|x86
		{7BB3711B-11DC-406B-8AEB-9C4CEA5264DD}.AppStore|Any CPU.Deploy.0 = Release|x86
		{7BB3711B-11DC-406B-8AEB-9C4CEA5264DD}.AppStore|ARM.ActiveCfg = Release|ARM
		{7BB3711B-11DC-406B-8AEB-9C4CEA5264DD}.AppStore|ARM.Build.0 = Release|ARM
		{7BB3711B-11DC-406B-8AEB-9C4CEA5264DD}.AppStore|ARM.Deploy.0 = Release|ARM
		{7BB3711B-11DC-406B-8AEB-9C4CEA5264DD}.AppStore|iPhone.ActiveCfg = Release|x86
		{7BB3711B-11DC-406B-8AEB-9C4CEA5264DD}.AppStore|iPhone.Build.0 = Release|x86
		{7BB3711B-11DC-406B-8AEB-9C4CEA5264DD}.AppStore|iPhone.Deploy.0 = Release|x86
		{7BB3711B-11DC-406B-8AEB-9C4CEA5264DD}.AppStore|iPhoneSimulator.ActiveCfg = Release|x86
		{7BB3711B-11DC-406B-8AEB-9C4CEA5264DD}.AppStore|iPhoneSimulator.Build.0 = Release|x86
		{7BB3711B-11DC-406B-8AEB-9C4CEA5264DD}.AppStore|iPhoneSimulator.Deploy.0 = Release|x86
		{7BB3711B-11DC-406B-8AEB-9C4CEA5264DD}.AppStore|x64.ActiveCfg = Release|x64
		{7BB3711B-11DC-406B-8AEB-9C4CEA5264DD}.AppStore|x64.Build.0 = Release|x64
		{7BB3711B-11DC-406B-8AEB-9C4CEA5264DD}.AppStore|x64.Deploy.0 = Release|x64
		{7BB3711B-11DC-406B-8AEB-9C4CEA5264DD}.AppStore|x86.ActiveCfg = Release|x86
		{7BB3711B-11DC-406B-8AEB-9C4CEA5264DD}.AppStore|x86.Build.0 = Release|x86
		{7BB3711B-11DC-406B-8AEB-9C4CEA5264DD}.AppStore|x86.Deploy.0 = Release|x86
		{7BB3711B-11DC-406B-8AEB-9C4CEA5264DD}.Debug|Any CPU.ActiveCfg = Debug|x86
		{7BB3711B-11DC-406B-8AEB-9C4CEA5264DD}.Debug|ARM.ActiveCfg = Debug|ARM
		{7BB3711B-11DC-406B-8AEB-9C4CEA5264DD}.Debug|ARM.Build.0 = Debug|ARM
		{7BB3711B-11DC-406B-8AEB-9C4CEA5264DD}.Debug|ARM.Deploy.0 = Debug|ARM
		{7BB3711B-11DC-406B-8AEB-9C4CEA5264DD}.Debug|iPhone.ActiveCfg = Debug|x86
		{7BB3711B-11DC-406B-8AEB-9C4CEA5264DD}.Debug|iPhoneSimulator.ActiveCfg = Debug|x86
		{7BB3711B-11DC-406B-8AEB-9C4CEA5264DD}.Debug|x64.ActiveCfg = Debug|x64
		{7BB3711B-11DC-406B-8AEB-9C4CEA5264DD}.Debug|x64.Build.0 = Debug|x64
		{7BB3711B-11DC-406B-8AEB-9C4CEA5264DD}.Debug|x64.Deploy.0 = Debug|x64
		{7BB3711B-11DC-406B-8AEB-9C4CEA5264DD}.Debug|x86.ActiveCfg = Debug|x86
		{7BB3711B-11DC-406B-8AEB-9C4CEA5264DD}.Debug|x86.Build.0 = Debug|x86
		{7BB3711B-11DC-406B-8AEB-9C4CEA5264DD}.Debug|x86.Deploy.0 = Debug|x86
		{7BB3711B-11DC-406B-8AEB-9C4CEA5264DD}.Release|Any CPU.ActiveCfg = Release|x86
		{7BB3711B-11DC-406B-8AEB-9C4CEA5264DD}.Release|ARM.ActiveCfg = Release|ARM
		{7BB3711B-11DC-406B-8AEB-9C4CEA5264DD}.Release|ARM.Build.0 = Release|ARM
		{7BB3711B-11DC-406B-8AEB-9C4CEA5264DD}.Release|ARM.Deploy.0 = Release|ARM
		{7BB3711B-11DC-406B-8AEB-9C4CEA5264DD}.Release|iPhone.ActiveCfg = Release|x86
		{7BB3711B-11DC-406B-8AEB-9C4CEA5264DD}.Release|iPhoneSimulator.ActiveCfg = Release|x86
		{7BB3711B-11DC-406B-8AEB-9C4CEA5264DD}.Release|x64.ActiveCfg = Release|x64
		{7BB3711B-11DC-406B-8AEB-9C4CEA5264DD}.Release|x64.Build.0 = Release|x64
		{7BB3711B-11DC-406B-8AEB-9C4CEA5264DD}.Release|x64.Deploy.0 = Release|x64
		{7BB3711B-11DC-406B-8AEB-9C4CEA5264DD}.Release|x86.ActiveCfg = Release|x86
		{7BB3711B-11DC-406B-8AEB-9C4CEA5264DD}.Release|x86.Build.0 = Release|x86
		{7BB3711B-11DC-406B-8AEB-9C4CEA5264DD}.Release|x86.Deploy.0 = Release|x86
		{C19E9C23-E0E4-41F3-9529-C6773F4B4780}.Ad-Hoc|Any CPU.ActiveCfg = Ad-Hoc|iPhone
		{C19E9C23-E0E4-41F3-9529-C6773F4B4780}.Ad-Hoc|ARM.ActiveCfg = Ad-Hoc|iPhone
		{C19E9C23-E0E4-41F3-9529-C6773F4B4780}.Ad-Hoc|iPhone.ActiveCfg = Ad-Hoc|iPhone
		{C19E9C23-E0E4-41F3-9529-C6773F4B4780}.Ad-Hoc|iPhone.Build.0 = Ad-Hoc|iPhone
		{C19E9C23-E0E4-41F3-9529-C6773F4B4780}.Ad-Hoc|iPhoneSimulator.ActiveCfg = Ad-Hoc|iPhoneSimulator
		{C19E9C23-E0E4-41F3-9529-C6773F4B4780}.Ad-Hoc|iPhoneSimulator.Build.0 = Ad-Hoc|iPhoneSimulator
		{C19E9C23-E0E4-41F3-9529-C6773F4B4780}.Ad-Hoc|x64.ActiveCfg = Ad-Hoc|iPhone
		{C19E9C23-E0E4-41F3-9529-C6773F4B4780}.Ad-Hoc|x86.ActiveCfg = Ad-Hoc|iPhone
		{C19E9C23-E0E4-41F3-9529-C6773F4B4780}.AppStore|Any CPU.ActiveCfg = AppStore|iPhone
		{C19E9C23-E0E4-41F3-9529-C6773F4B4780}.AppStore|ARM.ActiveCfg = AppStore|iPhone
		{C19E9C23-E0E4-41F3-9529-C6773F4B4780}.AppStore|iPhone.ActiveCfg = AppStore|iPhone
		{C19E9C23-E0E4-41F3-9529-C6773F4B4780}.AppStore|iPhone.Build.0 = AppStore|iPhone
		{C19E9C23-E0E4-41F3-9529-C6773F4B4780}.AppStore|iPhoneSimulator.ActiveCfg = AppStore|iPhoneSimulator
		{C19E9C23-E0E4-41F3-9529-C6773F4B4780}.AppStore|iPhoneSimulator.Build.0 = AppStore|iPhoneSimulator
		{C19E9C23-E0E4-41F3-9529-C6773F4B4780}.AppStore|x64.ActiveCfg = AppStore|iPhone
		{C19E9C23-E0E4-41F3-9529-C6773F4B4780}.AppStore|x86.ActiveCfg = AppStore|iPhone
		{C19E9C23-E0E4-41F3-9529-C6773F4B4780}.Debug|Any CPU.ActiveCfg = Debug|iPhone
		{C19E9C23-E0E4-41F3-9529-C6773F4B4780}.Debug|ARM.ActiveCfg = Debug|iPhone
		{C19E9C23-E0E4-41F3-9529-C6773F4B4780}.Debug|iPhone.ActiveCfg = Debug|iPhone
		{C19E9C23-E0E4-41F3-9529-C6773F4B4780}.Debug|iPhone.Build.0 = Debug|iPhone
		{C19E9C23-E0E4-41F3-9529-C6773F4B4780}.Debug|iPhoneSimulator.ActiveCfg = Debug|iPhoneSimulator
		{C19E9C23-E0E4-41F3-9529-C6773F4B4780}.Debug|iPhoneSimulator.Build.0 = Debug|iPhoneSimulator
		{C19E9C23-E0E4-41F3-9529-C6773F4B4780}.Debug|x64.ActiveCfg = Debug|iPhone
		{C19E9C23-E0E4-41F3-9529-C6773F4B4780}.Debug|x86.ActiveCfg = Debug|iPhone
		{C19E9C23-E0E4-41F3-9529-C6773F4B4780}.Release|Any CPU.ActiveCfg = Release|iPhone
		{C19E9C23-E0E4-41F3-9529-C6773F4B4780}.Release|ARM.ActiveCfg = Release|iPhone
		{C19E9C23-E0E4-41F3-9529-C6773F4B4780}.Release|iPhone.ActiveCfg = Release|iPhone
		{C19E9C23-E0E4-41F3-9529-C6773F4B4780}.Release|iPhone.Build.0 = Release|iPhone
		{C19E9C23-E0E4-41F3-9529-C6773F4B4780}.Release|iPhoneSimulator.ActiveCfg = Release|iPhoneSimulator
		{C19E9C23-E0E4-41F3-9529-C6773F4B4780}.Release|iPhoneSimulator.Build.0 = Release|iPhoneSimulator
		{C19E9C23-E0E4-41F3-9529-C6773F4B4780}.Release|x64.ActiveCfg = Release|iPhone
		{C19E9C23-E0E4-41F3-9529-C6773F4B4780}.Release|x86.ActiveCfg = Release|iPhone
	EndGlobalSection
	GlobalSection(SolutionProperties) = preSolution
		HideSolutionNode = FALSE
	EndGlobalSection
EndGlobal
